
Microsoft Visual Studio Solution File, Format Version 12.00
# Visual Studio 14
VisualStudioVersion = 14.0.23107.0
MinimumVisualStudioVersion = 10.0.40219.1
Project("{FAE04EC0-301F-11D3-BF4B-00C04F79EFBC}") = "TrialApps", "TrialAppsWinForm\TrialApps.csproj", "{3E19C1AD-63B8-4547-9A18-4836A825D470}"
EndProject
Project("{FAE04EC0-301F-11D3-BF4B-00C04F79EFBC}") = "DataSource", "DataSource\DataSource.csproj", "{8AD5EF47-1C85-49F3-98EE-397414E8D663}"
EndProject
Global
	GlobalSection(SolutionConfigurationPlatforms) = preSolution
		Debug|Any CPU = Debug|Any CPU
		Release|Any CPU = Release|Any CPU
	EndGlobalSection
	GlobalSection(ProjectConfigurationPlatforms) = postSolution
		{3E19C1AD-63B8-4547-9A18-4836A825D470}.Debug|Any CPU.ActiveCfg = Debug|Any CPU
		{3E19C1AD-63B8-4547-9A18-4836A825D470}.Debug|Any CPU.Build.0 = Debug|Any CPU
		{3E19C1AD-63B8-4547-9A18-4836A825D470}.Release|Any CPU.ActiveCfg = Release|Any CPU
		{3E19C1AD-63B8-4547-9A18-4836A825D470}.Release|Any CPU.Build.0 = Release|Any CPU
		{8AD5EF47-1C85-49F3-98EE-397414E8D663}.Debug|Any CPU.ActiveCfg = Debug|Any CPU
		{8AD5EF47-1C85-49F3-98EE-397414E8D663}.Debug|Any CPU.Build.0 = Debug|Any CPU
		{8AD5EF47-1C85-49F3-98EE-397414E8D663}.Release|Any CPU.ActiveCfg = Release|Any CPU
		{8AD5EF47-1C85-49F3-98EE-397414E8D663}.Release|Any CPU.Build.0 = Release|Any CPU
	EndGlobalSection
	GlobalSection(SolutionProperties) = preSolution
		HideSolutionNode = FALSE
	EndGlobalSection
EndGlobal
